// !$*UTF8*$!
{
	archiveVersion = 1;
	classes = {
	};
	objectVersion = 50;
	objects = {

/* Begin PBXBuildFile section */
		AC8D2F59217FAAB000132F40 /* AppDelegate.swift in Sources */ = {isa = PBXBuildFile; fileRef = AC8D2F58217FAAB000132F40 /* AppDelegate.swift */; };
		AC8D2F5B217FAAB000132F40 /* ViewController.swift in Sources */ = {isa = PBXBuildFile; fileRef = AC8D2F5A217FAAB000132F40 /* ViewController.swift */; };
		AC8D2F5E217FAAB000132F40 /* Main.storyboard in Resources */ = {isa = PBXBuildFile; fileRef = AC8D2F5C217FAAB000132F40 /* Main.storyboard */; };
		AC8D2F60217FAAB000132F40 /* Assets.xcassets in Resources */ = {isa = PBXBuildFile; fileRef = AC8D2F5F217FAAB000132F40 /* Assets.xcassets */; };
		AC8D2F63217FAAB000132F40 /* LaunchScreen.storyboard in Resources */ = {isa = PBXBuildFile; fileRef = AC8D2F61217FAAB000132F40 /* LaunchScreen.storyboard */; };
		AC8D2F6E217FAAB000132F40 /* sample_test_automation_ios_appTests.swift in Sources */ = {isa = PBXBuildFile; fileRef = AC8D2F6D217FAAB000132F40 /* sample_test_automation_ios_appTests.swift */; };
		AC8D2F79217FAAB000132F40 /* sample_test_automation_ios_appUITests.swift in Sources */ = {isa = PBXBuildFile; fileRef = AC8D2F78217FAAB000132F40 /* sample_test_automation_ios_appUITests.swift */; };
/* End PBXBuildFile section */

/* Begin PBXContainerItemProxy section */
		AC8D2F6A217FAAB000132F40 /* PBXContainerItemProxy */ = {
			isa = PBXContainerItemProxy;
			containerPortal = AC8D2F4D217FAAB000132F40 /* Project object */;
			proxyType = 1;
			remoteGlobalIDString = AC8D2F54217FAAB000132F40;
			remoteInfo = "sample-test-automation-ios-app";
		};
		AC8D2F75217FAAB000132F40 /* PBXContainerItemProxy */ = {
			isa = PBXContainerItemProxy;
			containerPortal = AC8D2F4D217FAAB000132F40 /* Project object */;
			proxyType = 1;
			remoteGlobalIDString = AC8D2F54217FAAB000132F40;
			remoteInfo = "sample-test-automation-ios-app";
		};
/* End PBXContainerItemProxy section */

/* Begin PBXFileReference section */
		AC8D2F55217FAAB000132F40 /* sample-test-automation-ios-app.app */ = {isa = PBXFileReference; explicitFileType = wrapper.application; includeInIndex = 0; path = "sample-test-automation-ios-app.app"; sourceTree = BUILT_PRODUCTS_DIR; };
		AC8D2F58217FAAB000132F40 /* AppDelegate.swift */ = {isa = PBXFileReference; lastKnownFileType = sourcecode.swift; path = AppDelegate.swift; sourceTree = "<group>"; };
		AC8D2F5A217FAAB000132F40 /* ViewController.swift */ = {isa = PBXFileReference; lastKnownFileType = sourcecode.swift; path = ViewController.swift; sourceTree = "<group>"; };
		AC8D2F5D217FAAB000132F40 /* Base */ = {isa = PBXFileReference; lastKnownFileType = file.storyboard; name = Base; path = Base.lproj/Main.storyboard; sourceTree = "<group>"; };
		AC8D2F5F217FAAB000132F40 /* Assets.xcassets */ = {isa = PBXFileReference; lastKnownFileType = folder.assetcatalog; path = Assets.xcassets; sourceTree = "<group>"; };
		AC8D2F62217FAAB000132F40 /* Base */ = {isa = PBXFileReference; lastKnownFileType = file.storyboard; name = Base; path = Base.lproj/LaunchScreen.storyboard; sourceTree = "<group>"; };
		AC8D2F64217FAAB000132F40 /* Info.plist */ = {isa = PBXFileReference; lastKnownFileType = text.plist.xml; path = Info.plist; sourceTree = "<group>"; };
		AC8D2F69217FAAB000132F40 /* sample-test-automation-ios-appTests.xctest */ = {isa = PBXFileReference; explicitFileType = wrapper.cfbundle; includeInIndex = 0; path = "sample-test-automation-ios-appTests.xctest"; sourceTree = BUILT_PRODUCTS_DIR; };
		AC8D2F6D217FAAB000132F40 /* sample_test_automation_ios_appTests.swift */ = {isa = PBXFileReference; lastKnownFileType = sourcecode.swift; path = sample_test_automation_ios_appTests.swift; sourceTree = "<group>"; };
		AC8D2F6F217FAAB000132F40 /* Info.plist */ = {isa = PBXFileReference; lastKnownFileType = text.plist.xml; path = Info.plist; sourceTree = "<group>"; };
		AC8D2F74217FAAB000132F40 /* sample-test-automation-ios-appUITests.xctest */ = {isa = PBXFileReference; explicitFileType = wrapper.cfbundle; includeInIndex = 0; path = "sample-test-automation-ios-appUITests.xctest"; sourceTree = BUILT_PRODUCTS_DIR; };
		AC8D2F78217FAAB000132F40 /* sample_test_automation_ios_appUITests.swift */ = {isa = PBXFileReference; lastKnownFileType = sourcecode.swift; path = sample_test_automation_ios_appUITests.swift; sourceTree = "<group>"; };
		AC8D2F7A217FAAB000132F40 /* Info.plist */ = {isa = PBXFileReference; lastKnownFileType = text.plist.xml; path = Info.plist; sourceTree = "<group>"; };
/* End PBXFileReference section */

/* Begin PBXFrameworksBuildPhase section */
		AC8D2F52217FAAB000132F40 /* Frameworks */ = {
			isa = PBXFrameworksBuildPhase;
			buildActionMask = 2147483647;
			files = (
			);
			runOnlyForDeploymentPostprocessing = 0;
		};
		AC8D2F66217FAAB000132F40 /* Frameworks */ = {
			isa = PBXFrameworksBuildPhase;
			buildActionMask = 2147483647;
			files = (
			);
			runOnlyForDeploymentPostprocessing = 0;
		};
		AC8D2F71217FAAB000132F40 /* Frameworks */ = {
			isa = PBXFrameworksBuildPhase;
			buildActionMask = 2147483647;
			files = (
			);
			runOnlyForDeploymentPostprocessing = 0;
		};
/* End PBXFrameworksBuildPhase section */

/* Begin PBXGroup section */
		AC8D2F4C217FAAB000132F40 = {
			isa = PBXGroup;
			children = (
				AC8D2F57217FAAB000132F40 /* sample-test-automation-ios-app */,
				AC8D2F6C217FAAB000132F40 /* sample-test-automation-ios-appTests */,
				AC8D2F77217FAAB000132F40 /* sample-test-automation-ios-appUITests */,
				AC8D2F56217FAAB000132F40 /* Products */,
			);
			sourceTree = "<group>";
		};
		AC8D2F56217FAAB000132F40 /* Products */ = {
			isa = PBXGroup;
			children = (
				AC8D2F55217FAAB000132F40 /* sample-test-automation-ios-app.app */,
				AC8D2F69217FAAB000132F40 /* sample-test-automation-ios-appTests.xctest */,
				AC8D2F74217FAAB000132F40 /* sample-test-automation-ios-appUITests.xctest */,
			);
			name = Products;
			sourceTree = "<group>";
		};
		AC8D2F57217FAAB000132F40 /* sample-test-automation-ios-app */ = {
			isa = PBXGroup;
			children = (
				AC8D2F58217FAAB000132F40 /* AppDelegate.swift */,
				AC8D2F5A217FAAB000132F40 /* ViewController.swift */,
				AC8D2F5C217FAAB000132F40 /* Main.storyboard */,
				AC8D2F5F217FAAB000132F40 /* Assets.xcassets */,
				AC8D2F61217FAAB000132F40 /* LaunchScreen.storyboard */,
				AC8D2F64217FAAB000132F40 /* Info.plist */,
			);
			path = "sample-test-automation-ios-app";
			sourceTree = "<group>";
		};
		AC8D2F6C217FAAB000132F40 /* sample-test-automation-ios-appTests */ = {
			isa = PBXGroup;
			children = (
				AC8D2F6D217FAAB000132F40 /* sample_test_automation_ios_appTests.swift */,
				AC8D2F6F217FAAB000132F40 /* Info.plist */,
			);
			path = "sample-test-automation-ios-appTests";
			sourceTree = "<group>";
		};
		AC8D2F77217FAAB000132F40 /* sample-test-automation-ios-appUITests */ = {
			isa = PBXGroup;
			children = (
				AC8D2F78217FAAB000132F40 /* sample_test_automation_ios_appUITests.swift */,
				AC8D2F7A217FAAB000132F40 /* Info.plist */,
			);
			path = "sample-test-automation-ios-appUITests";
			sourceTree = "<group>";
		};
/* End PBXGroup section */

/* Begin PBXNativeTarget section */
		AC8D2F54217FAAB000132F40 /* sample-test-automation-ios-app */ = {
			isa = PBXNativeTarget;
			buildConfigurationList = AC8D2F7D217FAAB000132F40 /* Build configuration list for PBXNativeTarget "sample-test-automation-ios-app" */;
			buildPhases = (
				AC8D2F51217FAAB000132F40 /* Sources */,
				AC8D2F52217FAAB000132F40 /* Frameworks */,
				AC8D2F53217FAAB000132F40 /* Resources */,
			);
			buildRules = (
			);
			dependencies = (
			);
			name = "sample-test-automation-ios-app";
			productName = "sample-test-automation-ios-app";
			productReference = AC8D2F55217FAAB000132F40 /* sample-test-automation-ios-app.app */;
			productType = "com.apple.product-type.application";
		};
		AC8D2F68217FAAB000132F40 /* sample-test-automation-ios-appTests */ = {
			isa = PBXNativeTarget;
			buildConfigurationList = AC8D2F80217FAAB000132F40 /* Build configuration list for PBXNativeTarget "sample-test-automation-ios-appTests" */;
			buildPhases = (
				AC8D2F65217FAAB000132F40 /* Sources */,
				AC8D2F66217FAAB000132F40 /* Frameworks */,
				AC8D2F67217FAAB000132F40 /* Resources */,
			);
			buildRules = (
			);
			dependencies = (
				AC8D2F6B217FAAB000132F40 /* PBXTargetDependency */,
			);
			name = "sample-test-automation-ios-appTests";
			productName = "sample-test-automation-ios-appTests";
			productReference = AC8D2F69217FAAB000132F40 /* sample-test-automation-ios-appTests.xctest */;
			productType = "com.apple.product-type.bundle.unit-test";
		};
		AC8D2F73217FAAB000132F40 /* sample-test-automation-ios-appUITests */ = {
			isa = PBXNativeTarget;
			buildConfigurationList = AC8D2F83217FAAB000132F40 /* Build configuration list for PBXNativeTarget "sample-test-automation-ios-appUITests" */;
			buildPhases = (
				AC8D2F70217FAAB000132F40 /* Sources */,
				AC8D2F71217FAAB000132F40 /* Frameworks */,
				AC8D2F72217FAAB000132F40 /* Resources */,
			);
			buildRules = (
			);
			dependencies = (
				AC8D2F76217FAAB000132F40 /* PBXTargetDependency */,
			);
			name = "sample-test-automation-ios-appUITests";
			productName = "sample-test-automation-ios-appUITests";
			productReference = AC8D2F74217FAAB000132F40 /* sample-test-automation-ios-appUITests.xctest */;
			productType = "com.apple.product-type.bundle.ui-testing";
		};
/* End PBXNativeTarget section */

/* Begin PBXProject section */
		AC8D2F4D217FAAB000132F40 /* Project object */ = {
			isa = PBXProject;
			attributes = {
				LastSwiftUpdateCheck = 1000;
				LastUpgradeCheck = 1000;
				ORGANIZATIONNAME = "Soneji, Ankit";
				TargetAttributes = {
					AC8D2F54217FAAB000132F40 = {
						CreatedOnToolsVersion = 10.0;
					};
					AC8D2F68217FAAB000132F40 = {
						CreatedOnToolsVersion = 10.0;
						TestTargetID = AC8D2F54217FAAB000132F40;
					};
					AC8D2F73217FAAB000132F40 = {
						CreatedOnToolsVersion = 10.0;
						TestTargetID = AC8D2F54217FAAB000132F40;
					};
				};
			};
			buildConfigurationList = AC8D2F50217FAAB000132F40 /* Build configuration list for PBXProject "sample-test-automation-ios-app" */;
			compatibilityVersion = "Xcode 9.3";
			developmentRegion = en;
			hasScannedForEncodings = 0;
			knownRegions = (
				en,
				Base,
			);
			mainGroup = AC8D2F4C217FAAB000132F40;
			productRefGroup = AC8D2F56217FAAB000132F40 /* Products */;
			projectDirPath = "";
			projectRoot = "";
			targets = (
				AC8D2F54217FAAB000132F40 /* sample-test-automation-ios-app */,
				AC8D2F68217FAAB000132F40 /* sample-test-automation-ios-appTests */,
				AC8D2F73217FAAB000132F40 /* sample-test-automation-ios-appUITests */,
			);
		};
/* End PBXProject section */

/* Begin PBXResourcesBuildPhase section */
		AC8D2F53217FAAB000132F40 /* Resources */ = {
			isa = PBXResourcesBuildPhase;
			buildActionMask = 2147483647;
			files = (
				AC8D2F63217FAAB000132F40 /* LaunchScreen.storyboard in Resources */,
				AC8D2F60217FAAB000132F40 /* Assets.xcassets in Resources */,
				AC8D2F5E217FAAB000132F40 /* Main.storyboard in Resources */,
			);
			runOnlyForDeploymentPostprocessing = 0;
		};
		AC8D2F67217FAAB000132F40 /* Resources */ = {
			isa = PBXResourcesBuildPhase;
			buildActionMask = 2147483647;
			files = (
			);
			runOnlyForDeploymentPostprocessing = 0;
		};
		AC8D2F72217FAAB000132F40 /* Resources */ = {
			isa = PBXResourcesBuildPhase;
			buildActionMask = 2147483647;
			files = (
			);
			runOnlyForDeploymentPostprocessing = 0;
		};
/* End PBXResourcesBuildPhase section */

/* Begin PBXSourcesBuildPhase section */
		AC8D2F51217FAAB000132F40 /* Sources */ = {
			isa = PBXSourcesBuildPhase;
			buildActionMask = 2147483647;
			files = (
				AC8D2F5B217FAAB000132F40 /* ViewController.swift in Sources */,
				AC8D2F59217FAAB000132F40 /* AppDelegate.swift in Sources */,
			);
			runOnlyForDeploymentPostprocessing = 0;
		};
		AC8D2F65217FAAB000132F40 /* Sources */ = {
			isa = PBXSourcesBuildPhase;
			buildActionMask = 2147483647;
			files = (
				AC8D2F6E217FAAB000132F40 /* sample_test_automation_ios_appTests.swift in Sources */,
			);
			runOnlyForDeploymentPostprocessing = 0;
		};
		AC8D2F70217FAAB000132F40 /* Sources */ = {
			isa = PBXSourcesBuildPhase;
			buildActionMask = 2147483647;
			files = (
				AC8D2F79217FAAB000132F40 /* sample_test_automation_ios_appUITests.swift in Sources */,
			);
			runOnlyForDeploymentPostprocessing = 0;
		};
/* End PBXSourcesBuildPhase section */

/* Begin PBXTargetDependency section */
		AC8D2F6B217FAAB000132F40 /* PBXTargetDependency */ = {
			isa = PBXTargetDependency;
			target = AC8D2F54217FAAB000132F40 /* sample-test-automation-ios-app */;
			targetProxy = AC8D2F6A217FAAB000132F40 /* PBXContainerItemProxy */;
		};
		AC8D2F76217FAAB000132F40 /* PBXTargetDependency */ = {
			isa = PBXTargetDependency;
			target = AC8D2F54217FAAB000132F40 /* sample-test-automation-ios-app */;
			targetProxy = AC8D2F75217FAAB000132F40 /* PBXContainerItemProxy */;
		};
/* End PBXTargetDependency section */

/* Begin PBXVariantGroup section */
		AC8D2F5C217FAAB000132F40 /* Main.storyboard */ = {
			isa = PBXVariantGroup;
			children = (
				AC8D2F5D217FAAB000132F40 /* Base */,
			);
			name = Main.storyboard;
			sourceTree = "<group>";
		};
		AC8D2F61217FAAB000132F40 /* LaunchScreen.storyboard */ = {
			isa = PBXVariantGroup;
			children = (
				AC8D2F62217FAAB000132F40 /* Base */,
			);
			name = LaunchScreen.storyboard;
			sourceTree = "<group>";
		};
/* End PBXVariantGroup section */

/* Begin XCBuildConfiguration section */
		AC8D2F7B217FAAB000132F40 /* Debug */ = {
			isa = XCBuildConfiguration;
			buildSettings = {
				ALWAYS_SEARCH_USER_PATHS = NO;
				CLANG_ANALYZER_NONNULL = YES;
				CLANG_ANALYZER_NUMBER_OBJECT_CONVERSION = YES_AGGRESSIVE;
				CLANG_CXX_LANGUAGE_STANDARD = "gnu++14";
				CLANG_CXX_LIBRARY = "libc++";
				CLANG_ENABLE_MODULES = YES;
				CLANG_ENABLE_OBJC_ARC = YES;
				CLANG_ENABLE_OBJC_WEAK = YES;
				CLANG_WARN_BLOCK_CAPTURE_AUTORELEASING = YES;
				CLANG_WARN_BOOL_CONVERSION = YES;
				CLANG_WARN_COMMA = YES;
				CLANG_WARN_CONSTANT_CONVERSION = YES;
				CLANG_WARN_DEPRECATED_OBJC_IMPLEMENTATIONS = YES;
				CLANG_WARN_DIRECT_OBJC_ISA_USAGE = YES_ERROR;
				CLANG_WARN_DOCUMENTATION_COMMENTS = YES;
				CLANG_WARN_EMPTY_BODY = YES;
				CLANG_WARN_ENUM_CONVERSION = YES;
				CLANG_WARN_INFINITE_RECURSION = YES;
				CLANG_WARN_INT_CONVERSION = YES;
				CLANG_WARN_NON_LITERAL_NULL_CONVERSION = YES;
				CLANG_WARN_OBJC_IMPLICIT_RETAIN_SELF = YES;
				CLANG_WARN_OBJC_LITERAL_CONVERSION = YES;
				CLANG_WARN_OBJC_ROOT_CLASS = YES_ERROR;
				CLANG_WARN_RANGE_LOOP_ANALYSIS = YES;
				CLANG_WARN_STRICT_PROTOTYPES = YES;
				CLANG_WARN_SUSPICIOUS_MOVE = YES;
				CLANG_WARN_UNGUARDED_AVAILABILITY = YES_AGGRESSIVE;
				CLANG_WARN_UNREACHABLE_CODE = YES;
				CLANG_WARN__DUPLICATE_METHOD_MATCH = YES;
				CODE_SIGN_IDENTITY = "iPhone Developer";
				COPY_PHASE_STRIP = NO;
				DEBUG_INFORMATION_FORMAT = dwarf;
				ENABLE_STRICT_OBJC_MSGSEND = YES;
				ENABLE_TESTABILITY = YES;
				GCC_C_LANGUAGE_STANDARD = gnu11;
				GCC_DYNAMIC_NO_PIC = NO;
				GCC_NO_COMMON_BLOCKS = YES;
				GCC_OPTIMIZATION_LEVEL = 0;
				GCC_PREPROCESSOR_DEFINITIONS = (
					"DEBUG=1",
					"$(inherited)",
				);
				GCC_WARN_64_TO_32_BIT_CONVERSION = YES;
				GCC_WARN_ABOUT_RETURN_TYPE = YES_ERROR;
				GCC_WARN_UNDECLARED_SELECTOR = YES;
				GCC_WARN_UNINITIALIZED_AUTOS = YES_AGGRESSIVE;
				GCC_WARN_UNUSED_FUNCTION = YES;
				GCC_WARN_UNUSED_VARIABLE = YES;
				IPHONEOS_DEPLOYMENT_TARGET = 12.0;
				MTL_ENABLE_DEBUG_INFO = INCLUDE_SOURCE;
				MTL_FAST_MATH = YES;
				ONLY_ACTIVE_ARCH = YES;
				SDKROOT = iphoneos;
				SWIFT_ACTIVE_COMPILATION_CONDITIONS = DEBUG;
				SWIFT_OPTIMIZATION_LEVEL = "-Onone";
			};
			name = Debug;
		};
		AC8D2F7C217FAAB000132F40 /* Release */ = {
			isa = XCBuildConfiguration;
			buildSettings = {
				ALWAYS_SEARCH_USER_PATHS = NO;
				CLANG_ANALYZER_NONNULL = YES;
				CLANG_ANALYZER_NUMBER_OBJECT_CONVERSION = YES_AGGRESSIVE;
				CLANG_CXX_LANGUAGE_STANDARD = "gnu++14";
				CLANG_CXX_LIBRARY = "libc++";
				CLANG_ENABLE_MODULES = YES;
				CLANG_ENABLE_OBJC_ARC = YES;
				CLANG_ENABLE_OBJC_WEAK = YES;
				CLANG_WARN_BLOCK_CAPTURE_AUTORELEASING = YES;
				CLANG_WARN_BOOL_CONVERSION = YES;
				CLANG_WARN_COMMA = YES;
				CLANG_WARN_CONSTANT_CONVERSION = YES;
				CLANG_WARN_DEPRECATED_OBJC_IMPLEMENTATIONS = YES;
				CLANG_WARN_DIRECT_OBJC_ISA_USAGE = YES_ERROR;
				CLANG_WARN_DOCUMENTATION_COMMENTS = YES;
				CLANG_WARN_EMPTY_BODY = YES;
				CLANG_WARN_ENUM_CONVERSION = YES;
				CLANG_WARN_INFINITE_RECURSION = YES;
				CLANG_WARN_INT_CONVERSION = YES;
				CLANG_WARN_NON_LITERAL_NULL_CONVERSION = YES;
				CLANG_WARN_OBJC_IMPLICIT_RETAIN_SELF = YES;
				CLANG_WARN_OBJC_LITERAL_CONVERSION = YES;
				CLANG_WARN_OBJC_ROOT_CLASS = YES_ERROR;
				CLANG_WARN_RANGE_LOOP_ANALYSIS = YES;
				CLANG_WARN_STRICT_PROTOTYPES = YES;
				CLANG_WARN_SUSPICIOUS_MOVE = YES;
				CLANG_WARN_UNGUARDED_AVAILABILITY = YES_AGGRESSIVE;
				CLANG_WARN_UNREACHABLE_CODE = YES;
				CLANG_WARN__DUPLICATE_METHOD_MATCH = YES;
				CODE_SIGN_IDENTITY = "iPhone Developer";
				COPY_PHASE_STRIP = NO;
				DEBUG_INFORMATION_FORMAT = "dwarf-with-dsym";
				ENABLE_NS_ASSERTIONS = NO;
				ENABLE_STRICT_OBJC_MSGSEND = YES;
				GCC_C_LANGUAGE_STANDARD = gnu11;
				GCC_NO_COMMON_BLOCKS = YES;
				GCC_WARN_64_TO_32_BIT_CONVERSION = YES;
				GCC_WARN_ABOUT_RETURN_TYPE = YES_ERROR;
				GCC_WARN_UNDECLARED_SELECTOR = YES;
				GCC_WARN_UNINITIALIZED_AUTOS = YES_AGGRESSIVE;
				GCC_WARN_UNUSED_FUNCTION = YES;
				GCC_WARN_UNUSED_VARIABLE = YES;
				IPHONEOS_DEPLOYMENT_TARGET = 12.0;
				MTL_ENABLE_DEBUG_INFO = NO;
				MTL_FAST_MATH = YES;
				SDKROOT = iphoneos;
				SWIFT_COMPILATION_MODE = wholemodule;
				SWIFT_OPTIMIZATION_LEVEL = "-O";
				VALIDATE_PRODUCT = YES;
			};
			name = Release;
		};
		AC8D2F7E217FAAB000132F40 /* Debug */ = {
			isa = XCBuildConfiguration;
			buildSettings = {
				ASSETCATALOG_COMPILER_APPICON_NAME = AppIcon;
				CODE_SIGN_STYLE = Automatic;
				INFOPLIST_FILE = "sample-test-automation-ios-app/Info.plist";
				LD_RUNPATH_SEARCH_PATHS = (
					"$(inherited)",
					"@executable_path/Frameworks",
				);
				PRODUCT_BUNDLE_IDENTIFIER = "com.ankit.sample-test-automation-ios-app";
				PRODUCT_NAME = "$(TARGET_NAME)";
				SWIFT_VERSION = 4.2;
				TARGETED_DEVICE_FAMILY = "1,2";
			};
			name = Debug;
		};
		AC8D2F7F217FAAB000132F40 /* Release */ = {
			isa = XCBuildConfiguration;
			buildSettings = {
				ASSETCATALOG_COMPILER_APPICON_NAME = AppIcon;
				CODE_SIGN_STYLE = Automatic;
				INFOPLIST_FILE = "sample-test-automation-ios-app/Info.plist";
				LD_RUNPATH_SEARCH_PATHS = (
					"$(inherited)",
					"@executable_path/Frameworks",
				);
				PRODUCT_BUNDLE_IDENTIFIER = "com.ankit.sample-test-automation-ios-app";
				PRODUCT_NAME = "$(TARGET_NAME)";
				SWIFT_VERSION = 4.2;
				TARGETED_DEVICE_FAMILY = "1,2";
			};
			name = Release;
		};
		AC8D2F81217FAAB000132F40 /* Debug */ = {
			isa = XCBuildConfiguration;
			buildSettings = {
				ALWAYS_EMBED_SWIFT_STANDARD_LIBRARIES = YES;
				BUNDLE_LOADER = "$(TEST_HOST)";
				CODE_SIGN_STYLE = Automatic;
				INFOPLIST_FILE = "sample-test-automation-ios-appTests/Info.plist";
				LD_RUNPATH_SEARCH_PATHS = (
					"$(inherited)",
					"@executable_path/Frameworks",
					"@loader_path/Frameworks",
				);
				PRODUCT_BUNDLE_IDENTIFIER = "com.ankit.sample-test-automation-ios-appTests";
				PRODUCT_NAME = "$(TARGET_NAME)";
				SWIFT_VERSION = 4.2;
				TARGETED_DEVICE_FAMILY = "1,2";
				TEST_HOST = "$(BUILT_PRODUCTS_DIR)/sample-test-automation-ios-app.app/sample-test-automation-ios-app";
			};
			name = Debug;
		};
		AC8D2F82217FAAB000132F40 /* Release */ = {
			isa = XCBuildConfiguration;
			buildSettings = {
				ALWAYS_EMBED_SWIFT_STANDARD_LIBRARIES = YES;
				BUNDLE_LOADER = "$(TEST_HOST)";
				CODE_SIGN_STYLE = Automatic;
				INFOPLIST_FILE = "sample-test-automation-ios-appTests/Info.plist";
				LD_RUNPATH_SEARCH_PATHS = (
					"$(inherited)",
					"@executable_path/Frameworks",
					"@loader_path/Frameworks",
				);
				PRODUCT_BUNDLE_IDENTIFIER = "com.ankit.sample-test-automation-ios-appTests";
				PRODUCT_NAME = "$(TARGET_NAME)";
				SWIFT_VERSION = 4.2;
				TARGETED_DEVICE_FAMILY = "1,2";
				TEST_HOST = "$(BUILT_PRODUCTS_DIR)/sample-test-automation-ios-app.app/sample-test-automation-ios-app";
			};
			name = Release;
		};
		AC8D2F84217FAAB000132F40 /* Debug */ = {
			isa = XCBuildConfiguration;
			buildSettings = {
				ALWAYS_EMBED_SWIFT_STANDARD_LIBRARIES = YES;
				CODE_SIGN_STYLE = Automatic;
				INFOPLIST_FILE = "sample-test-automation-ios-appUITests/Info.plist";
				LD_RUNPATH_SEARCH_PATHS = (
					"$(inherited)",
					"@executable_path/Frameworks",
					"@loader_path/Frameworks",
				);
				PRODUCT_BUNDLE_IDENTIFIER = "com.ankit.sample-test-automation-ios-appUITests";
				PRODUCT_NAME = "$(TARGET_NAME)";
				SWIFT_VERSION = 4.2;
				TARGETED_DEVICE_FAMILY = "1,2";
				TEST_TARGET_NAME = "sample-test-automation-ios-app";
			};
			name = Debug;
		};
		AC8D2F85217FAAB000132F40 /* Release */ = {
			isa = XCBuildConfiguration;
			buildSettings = {
				ALWAYS_EMBED_SWIFT_STANDARD_LIBRARIES = YES;
				CODE_SIGN_STYLE = Automatic;
				INFOPLIST_FILE = "sample-test-automation-ios-appUITests/Info.plist";
				LD_RUNPATH_SEARCH_PATHS = (
					"$(inherited)",
					"@executable_path/Frameworks",
					"@loader_path/Frameworks",
				);
				PRODUCT_BUNDLE_IDENTIFIER = "com.ankit.sample-test-automation-ios-appUITests";
				PRODUCT_NAME = "$(TARGET_NAME)";
				SWIFT_VERSION = 4.2;
				TARGETED_DEVICE_FAMILY = "1,2";
				TEST_TARGET_NAME = "sample-test-automation-ios-app";
			};
			name = Release;
		};
/* End XCBuildConfiguration section */

/* Begin XCConfigurationList section */
		AC8D2F50217FAAB000132F40 /* Build configuration list for PBXProject "sample-test-automation-ios-app" */ = {
			isa = XCConfigurationList;
			buildConfigurations = (
				AC8D2F7B217FAAB000132F40 /* Debug */,
				AC8D2F7C217FAAB000132F40 /* Release */,
			);
			defaultConfigurationIsVisible = 0;
			defaultConfigurationName = Release;
		};
		AC8D2F7D217FAAB000132F40 /* Build configuration list for PBXNativeTarget "sample-test-automation-ios-app" */ = {
			isa = XCConfigurationList;
			buildConfigurations = (
				AC8D2F7E217FAAB000132F40 /* Debug */,
				AC8D2F7F217FAAB000132F40 /* Release */,
			);
			defaultConfigurationIsVisible = 0;
			defaultConfigurationName = Release;
		};
		AC8D2F80217FAAB000132F40 /* Build configuration list for PBXNativeTarget "sample-test-automation-ios-appTests" */ = {
			isa = XCConfigurationList;
			buildConfigurations = (
				AC8D2F81217FAAB000132F40 /* Debug */,
				AC8D2F82217FAAB000132F40 /* Release */,
			);
			defaultConfigurationIsVisible = 0;
			defaultConfigurationName = Release;
		};
		AC8D2F83217FAAB000132F40 /* Build configuration list for PBXNativeTarget "sample-test-automation-ios-appUITests" */ = {
			isa = XCConfigurationList;
			buildConfigurations = (
				AC8D2F84217FAAB000132F40 /* Debug */,
				AC8D2F85217FAAB000132F40 /* Release */,
			);
			defaultConfigurationIsVisible = 0;
			defaultConfigurationName = Release;
		};
/* End XCConfigurationList section */
	};
	rootObject = AC8D2F4D217FAAB000132F40 /* Project object */;
}
